
Microsoft Visual Studio Solution File, Format Version 12.00
# Visual Studio 15
VisualStudioVersion = 15.0.26730.16
MinimumVisualStudioVersion = 10.0.40219.1
Project("{FAE04EC0-301F-11D3-BF4B-00C04F79EFBC}") = "DateDistance", "DateDistance\DateDistance.csproj", "{71653432-D4FC-4F14-A8B2-E5CB173E6352}"
EndProject
Global
	GlobalSection(SolutionConfigurationPlatforms) = preSolution
		Debug|Any CPU = Debug|Any CPU
		Release|Any CPU = Release|Any CPU
	EndGlobalSection
	GlobalSection(ProjectConfigurationPlatforms) = postSolution
		{71653432-D4FC-4F14-A8B2-E5CB173E6352}.Debug|Any CPU.ActiveCfg = Debug|Any CPU
		{71653432-D4FC-4F14-A8B2-E5CB173E6352}.Debug|Any CPU.Build.0 = Debug|Any CPU
		{71653432-D4FC-4F14-A8B2-E5CB173E6352}.Release|Any CPU.ActiveCfg = Release|Any CPU
		{71653432-D4FC-4F14-A8B2-E5CB173E6352}.Release|Any CPU.Build.0 = Release|Any CPU
	EndGlobalSection
	GlobalSection(SolutionProperties) = preSolution
		HideSolutionNode = FALSE
	EndGlobalSection
	GlobalSection(ExtensibilityGlobals) = postSolution
		SolutionGuid = {6A1E7AEB-4EA5-46EE-A45E-B48864E0B27D}
	EndGlobalSection
EndGlobal
